
Microsoft Visual Studio Solution File, Format Version 12.00
# Visual Studio Version 17
VisualStudioVersion = 17.3.32901.215
MinimumVisualStudioVersion = 10.0.40219.1
Project("{9A19103F-16F7-4668-BE54-9A1E7A4F7556}") = "TeDoen", "Opdracht4\TeDoen.csproj", "{48B77D1F-CBDB-4218-B7F6-B6E5816D5500}"
EndProject
Global
	GlobalSection(SolutionConfigurationPlatforms) = preSolution
		Debug|Any CPU = Debug|Any CPU
		Release|Any CPU = Release|Any CPU
	EndGlobalSection
	GlobalSection(ProjectConfigurationPlatforms) = postSolution
		{48B77D1F-CBDB-4218-B7F6-B6E5816D5500}.Debug|Any CPU.ActiveCfg = Debug|Any CPU
		{48B77D1F-CBDB-4218-B7F6-B6E5816D5500}.Debug|Any CPU.Build.0 = Debug|Any CPU
		{48B77D1F-CBDB-4218-B7F6-B6E5816D5500}.Release|Any CPU.ActiveCfg = Release|Any CPU
		{48B77D1F-CBDB-4218-B7F6-B6E5816D5500}.Release|Any CPU.Build.0 = Release|Any CPU
	EndGlobalSection
	GlobalSection(SolutionProperties) = preSolution
		HideSolutionNode = FALSE
	EndGlobalSection
	GlobalSection(ExtensibilityGlobals) = postSolution
		SolutionGuid = {3FFDEE47-AC63-45AB-B80C-CE9D02A01F83}
	EndGlobalSection
EndGlobal
